// !$*UTF8*$!
{
	archiveVersion = 1;
	classes = {
	};
	objectVersion = 48;
	objects = {

/* Begin PBXBuildFile section */
		7B9697E52091AF6D00E3F8C9 /* AppDelegate.m in Sources */ = {isa = PBXBuildFile; fileRef = 7B9697E42091AF6D00E3F8C9 /* AppDelegate.m */; };
		7B9697E82091AF6D00E3F8C9 /* ViewController.m in Sources */ = {isa = PBXBuildFile; fileRef = 7B9697E72091AF6D00E3F8C9 /* ViewController.m */; };
		7B9697EB2091AF6D00E3F8C9 /* Main.storyboard in Resources */ = {isa = PBXBuildFile; fileRef = 7B9697E92091AF6D00E3F8C9 /* Main.storyboard */; };
		7B9697ED2091AF6D00E3F8C9 /* Assets.xcassets in Resources */ = {isa = PBXBuildFile; fileRef = 7B9697EC2091AF6D00E3F8C9 /* Assets.xcassets */; };
		7B9697F02091AF6D00E3F8C9 /* LaunchScreen.storyboard in Resources */ = {isa = PBXBuildFile; fileRef = 7B9697EE2091AF6D00E3F8C9 /* LaunchScreen.storyboard */; };
		7B9697F32091AF6D00E3F8C9 /* main.m in Sources */ = {isa = PBXBuildFile; fileRef = 7B9697F22091AF6D00E3F8C9 /* main.m */; };
		7B9698032091B03800E3F8C9 /* PodTest.framework in Frameworks */ = {isa = PBXBuildFile; fileRef = 7B9697FE2091B01000E3F8C9 /* PodTest.framework */; };
		7B9698042091B03800E3F8C9 /* PodTest.framework in Embed Frameworks */ = {isa = PBXBuildFile; fileRef = 7B9697FE2091B01000E3F8C9 /* PodTest.framework */; settings = {ATTRIBUTES = (CodeSignOnCopy, RemoveHeadersOnCopy, ); }; };
/* End PBXBuildFile section */

/* Begin PBXContainerItemProxy section */
		7B9697FD2091B01000E3F8C9 /* PBXContainerItemProxy */ = {
			isa = PBXContainerItemProxy;
			containerPortal = 7B9697F92091B01000E3F8C9 /* PodTest.xcodeproj */;
			proxyType = 2;
			remoteGlobalIDString = 7B9697C82091AD8600E3F8C9;
			remoteInfo = PodTest;
		};
		7B9698012091B02500E3F8C9 /* PBXContainerItemProxy */ = {
			isa = PBXContainerItemProxy;
			containerPortal = 7B9697F92091B01000E3F8C9 /* PodTest.xcodeproj */;
			proxyType = 1;
			remoteGlobalIDString = 7B9697C72091AD8600E3F8C9;
			remoteInfo = PodTest;
		};
		7B9698052091B03800E3F8C9 /* PBXContainerItemProxy */ = {
			isa = PBXContainerItemProxy;
			containerPortal = 7B9697F92091B01000E3F8C9 /* PodTest.xcodeproj */;
			proxyType = 1;
			remoteGlobalIDString = 7B9697C72091AD8600E3F8C9;
			remoteInfo = PodTest;
		};
/* End PBXContainerItemProxy section */

/* Begin PBXCopyFilesBuildPhase section */
		7B9698072091B03800E3F8C9 /* Embed Frameworks */ = {
			isa = PBXCopyFilesBuildPhase;
			buildActionMask = 2147483647;
			dstPath = "";
			dstSubfolderSpec = 10;
			files = (
				7B9698042091B03800E3F8C9 /* PodTest.framework in Embed Frameworks */,
			);
			name = "Embed Frameworks";
			runOnlyForDeploymentPostprocessing = 0;
		};
/* End PBXCopyFilesBuildPhase section */

/* Begin PBXFileReference section */
		7B9697E02091AF6D00E3F8C9 /* TestFrame.app */ = {isa = PBXFileReference; explicitFileType = wrapper.application; includeInIndex = 0; path = TestFrame.app; sourceTree = BUILT_PRODUCTS_DIR; };
		7B9697E32091AF6D00E3F8C9 /* AppDelegate.h */ = {isa = PBXFileReference; lastKnownFileType = sourcecode.c.h; path = AppDelegate.h; sourceTree = "<group>"; };
		7B9697E42091AF6D00E3F8C9 /* AppDelegate.m */ = {isa = PBXFileReference; lastKnownFileType = sourcecode.c.objc; path = AppDelegate.m; sourceTree = "<group>"; };
		7B9697E62091AF6D00E3F8C9 /* ViewController.h */ = {isa = PBXFileReference; lastKnownFileType = sourcecode.c.h; path = ViewController.h; sourceTree = "<group>"; };
		7B9697E72091AF6D00E3F8C9 /* ViewController.m */ = {isa = PBXFileReference; lastKnownFileType = sourcecode.c.objc; path = ViewController.m; sourceTree = "<group>"; };
		7B9697EA2091AF6D00E3F8C9 /* Base */ = {isa = PBXFileReference; lastKnownFileType = file.storyboard; name = Base; path = Base.lproj/Main.storyboard; sourceTree = "<group>"; };
		7B9697EC2091AF6D00E3F8C9 /* Assets.xcassets */ = {isa = PBXFileReference; lastKnownFileType = folder.assetcatalog; path = Assets.xcassets; sourceTree = "<group>"; };
		7B9697EF2091AF6D00E3F8C9 /* Base */ = {isa = PBXFileReference; lastKnownFileType = file.storyboard; name = Base; path = Base.lproj/LaunchScreen.storyboard; sourceTree = "<group>"; };
		7B9697F12091AF6D00E3F8C9 /* Info.plist */ = {isa = PBXFileReference; lastKnownFileType = text.plist.xml; path = Info.plist; sourceTree = "<group>"; };
		7B9697F22091AF6D00E3F8C9 /* main.m */ = {isa = PBXFileReference; lastKnownFileType = sourcecode.c.objc; path = main.m; sourceTree = "<group>"; };
		7B9697F92091B01000E3F8C9 /* PodTest.xcodeproj */ = {isa = PBXFileReference; lastKnownFileType = "wrapper.pb-project"; name = PodTest.xcodeproj; path = ../PodTest/PodTest.xcodeproj; sourceTree = "<group>"; };
/* End PBXFileReference section */

/* Begin PBXFrameworksBuildPhase section */
		7B9697DD2091AF6D00E3F8C9 /* Frameworks */ = {
			isa = PBXFrameworksBuildPhase;
			buildActionMask = 2147483647;
			files = (
				7B9698032091B03800E3F8C9 /* PodTest.framework in Frameworks */,
			);
			runOnlyForDeploymentPostprocessing = 0;
		};
/* End PBXFrameworksBuildPhase section */

/* Begin PBXGroup section */
		7B9697D72091AF6C00E3F8C9 = {
			isa = PBXGroup;
			children = (
				7B9697F92091B01000E3F8C9 /* PodTest.xcodeproj */,
				7B9697E22091AF6D00E3F8C9 /* TestFrame */,
				7B9697E12091AF6D00E3F8C9 /* Products */,
			);
			sourceTree = "<group>";
		};
		7B9697E12091AF6D00E3F8C9 /* Products */ = {
			isa = PBXGroup;
			children = (
				7B9697E02091AF6D00E3F8C9 /* TestFrame.app */,
			);
			name = Products;
			sourceTree = "<group>";
		};
		7B9697E22091AF6D00E3F8C9 /* TestFrame */ = {
			isa = PBXGroup;
			children = (
				7B9697E32091AF6D00E3F8C9 /* AppDelegate.h */,
				7B9697E42091AF6D00E3F8C9 /* AppDelegate.m */,
				7B9697E62091AF6D00E3F8C9 /* ViewController.h */,
				7B9697E72091AF6D00E3F8C9 /* ViewController.m */,
				7B9697E92091AF6D00E3F8C9 /* Main.storyboard */,
				7B9697EC2091AF6D00E3F8C9 /* Assets.xcassets */,
				7B9697EE2091AF6D00E3F8C9 /* LaunchScreen.storyboard */,
				7B9697F12091AF6D00E3F8C9 /* Info.plist */,
				7B9697F22091AF6D00E3F8C9 /* main.m */,
			);
			path = TestFrame;
			sourceTree = "<group>";
		};
		7B9697FA2091B01000E3F8C9 /* Products */ = {
			isa = PBXGroup;
			children = (
				7B9697FE2091B01000E3F8C9 /* PodTest.framework */,
			);
			name = Products;
			sourceTree = "<group>";
		};
/* End PBXGroup section */

/* Begin PBXNativeTarget section */
		7B9697DF2091AF6D00E3F8C9 /* TestFrame */ = {
			isa = PBXNativeTarget;
			buildConfigurationList = 7B9697F62091AF6D00E3F8C9 /* Build configuration list for PBXNativeTarget "TestFrame" */;
			buildPhases = (
				7B9697DC2091AF6D00E3F8C9 /* Sources */,
				7B9697DD2091AF6D00E3F8C9 /* Frameworks */,
				7B9697DE2091AF6D00E3F8C9 /* Resources */,
				7B9698072091B03800E3F8C9 /* Embed Frameworks */,
			);
			buildRules = (
			);
			dependencies = (
				7B9698022091B02500E3F8C9 /* PBXTargetDependency */,
				7B9698062091B03800E3F8C9 /* PBXTargetDependency */,
			);
			name = TestFrame;
			productName = TestFrame;
			productReference = 7B9697E02091AF6D00E3F8C9 /* TestFrame.app */;
			productType = "com.apple.product-type.application";
		};
/* End PBXNativeTarget section */

/* Begin PBXProject section */
		7B9697D82091AF6C00E3F8C9 /* Project object */ = {
			isa = PBXProject;
			attributes = {
				LastUpgradeCheck = 0920;
				ORGANIZATIONNAME = liucc;
				TargetAttributes = {
					7B9697DF2091AF6D00E3F8C9 = {
						CreatedOnToolsVersion = 9.2;
						ProvisioningStyle = Automatic;
					};
				};
			};
			buildConfigurationList = 7B9697DB2091AF6C00E3F8C9 /* Build configuration list for PBXProject "TestFrame" */;
			compatibilityVersion = "Xcode 8.0";
			developmentRegion = en;
			hasScannedForEncodings = 0;
			knownRegions = (
				en,
				Base,
			);
			mainGroup = 7B9697D72091AF6C00E3F8C9;
			productRefGroup = 7B9697E12091AF6D00E3F8C9 /* Products */;
			projectDirPath = "";
			projectReferences = (
				{
					ProductGroup = 7B9697FA2091B01000E3F8C9 /* Products */;
					ProjectRef = 7B9697F92091B01000E3F8C9 /* PodTest.xcodeproj */;
				},
			);
			projectRoot = "";
			targets = (
				7B9697DF2091AF6D00E3F8C9 /* TestFrame */,
			);
		};
/* End PBXProject section */

/* Begin PBXReferenceProxy section */
		7B9697FE2091B01000E3F8C9 /* PodTest.framework */ = {
			isa = PBXReferenceProxy;
			fileType = wrapper.framework;
			path = PodTest.framework;
			remoteRef = 7B9697FD2091B01000E3F8C9 /* PBXContainerItemProxy */;
			sourceTree = BUILT_PRODUCTS_DIR;
		};
/* End PBXReferenceProxy section */

/* Begin PBXResourcesBuildPhase section */
		7B9697DE2091AF6D00E3F8C9 /* Resources */ = {
			isa = PBXResourcesBuildPhase;
			buildActionMask = 2147483647;
			files = (
				7B9697F02091AF6D00E3F8C9 /* LaunchScreen.storyboard in Resources */,
				7B9697ED2091AF6D00E3F8C9 /* Assets.xcassets in Resources */,
				7B9697EB2091AF6D00E3F8C9 /* Main.storyboard in Resources */,
			);
			runOnlyForDeploymentPostprocessing = 0;
		};
/* End PBXResourcesBuildPhase section */

/* Begin PBXSourcesBuildPhase section */
		7B9697DC2091AF6D00E3F8C9 /* Sources */ = {
			isa = PBXSourcesBuildPhase;
			buildActionMask = 2147483647;
			files = (
				7B9697E82091AF6D00E3F8C9 /* ViewController.m in Sources */,
				7B9697F32091AF6D00E3F8C9 /* main.m in Sources */,
				7B9697E52091AF6D00E3F8C9 /* AppDelegate.m in Sources */,
			);
			runOnlyForDeploymentPostprocessing = 0;
		};
/* End PBXSourcesBuildPhase section */

/* Begin PBXTargetDependency section */
		7B9698022091B02500E3F8C9 /* PBXTargetDependency */ = {
			isa = PBXTargetDependency;
			name = PodTest;
			targetProxy = 7B9698012091B02500E3F8C9 /* PBXContainerItemProxy */;
		};
		7B9698062091B03800E3F8C9 /* PBXTargetDependency */ = {
			isa = PBXTargetDependency;
			name = PodTest;
			targetProxy = 7B9698052091B03800E3F8C9 /* PBXContainerItemProxy */;
		};
/* End PBXTargetDependency section */

/* Begin PBXVariantGroup section */
		7B9697E92091AF6D00E3F8C9 /* Main.storyboard */ = {
			isa = PBXVariantGroup;
			children = (
				7B9697EA2091AF6D00E3F8C9 /* Base */,
			);
			name = Main.storyboard;
			sourceTree = "<group>";
		};
		7B9697EE2091AF6D00E3F8C9 /* LaunchScreen.storyboard */ = {
			isa = PBXVariantGroup;
			children = (
				7B9697EF2091AF6D00E3F8C9 /* Base */,
			);
			name = LaunchScreen.storyboard;
			sourceTree = "<group>";
		};
/* End PBXVariantGroup section */

/* Begin XCBuildConfiguration section */
		7B9697F42091AF6D00E3F8C9 /* Debug */ = {
			isa = XCBuildConfiguration;
			buildSettings = {
				ALWAYS_SEARCH_USER_PATHS = NO;
				CLANG_ANALYZER_NONNULL = YES;
				CLANG_ANALYZER_NUMBER_OBJECT_CONVERSION = YES_AGGRESSIVE;
				CLANG_CXX_LANGUAGE_STANDARD = "gnu++14";
				CLANG_CXX_LIBRARY = "libc++";
				CLANG_ENABLE_MODULES = YES;
				CLANG_ENABLE_OBJC_ARC = YES;
				CLANG_WARN_BLOCK_CAPTURE_AUTORELEASING = YES;
				CLANG_WARN_BOOL_CONVERSION = YES;
				CLANG_WARN_COMMA = YES;
				CLANG_WARN_CONSTANT_CONVERSION = YES;
				CLANG_WARN_DIRECT_OBJC_ISA_USAGE = YES_ERROR;
				CLANG_WARN_DOCUMENTATION_COMMENTS = YES;
				CLANG_WARN_EMPTY_BODY = YES;
				CLANG_WARN_ENUM_CONVERSION = YES;
				CLANG_WARN_INFINITE_RECURSION = YES;
				CLANG_WARN_INT_CONVERSION = YES;
				CLANG_WARN_NON_LITERAL_NULL_CONVERSION = YES;
				CLANG_WARN_OBJC_LITERAL_CONVERSION = YES;
				CLANG_WARN_OBJC_ROOT_CLASS = YES_ERROR;
				CLANG_WARN_RANGE_LOOP_ANALYSIS = YES;
				CLANG_WARN_STRICT_PROTOTYPES = YES;
				CLANG_WARN_SUSPICIOUS_MOVE = YES;
				CLANG_WARN_UNGUARDED_AVAILABILITY = YES_AGGRESSIVE;
				CLANG_WARN_UNREACHABLE_CODE = YES;
				CLANG_WARN__DUPLICATE_METHOD_MATCH = YES;
				CODE_SIGN_IDENTITY = "iPhone Developer";
				COPY_PHASE_STRIP = NO;
				DEBUG_INFORMATION_FORMAT = dwarf;
				ENABLE_STRICT_OBJC_MSGSEND = YES;
				ENABLE_TESTABILITY = YES;
				GCC_C_LANGUAGE_STANDARD = gnu11;
				GCC_DYNAMIC_NO_PIC = NO;
				GCC_NO_COMMON_BLOCKS = YES;
				GCC_OPTIMIZATION_LEVEL = 0;
				GCC_PREPROCESSOR_DEFINITIONS = (
					"DEBUG=1",
					"$(inherited)",
				);
				GCC_WARN_64_TO_32_BIT_CONVERSION = YES;
				GCC_WARN_ABOUT_RETURN_TYPE = YES_ERROR;
				GCC_WARN_UNDECLARED_SELECTOR = YES;
				GCC_WARN_UNINITIALIZED_AUTOS = YES_AGGRESSIVE;
				GCC_WARN_UNUSED_FUNCTION = YES;
				GCC_WARN_UNUSED_VARIABLE = YES;
				IPHONEOS_DEPLOYMENT_TARGET = 11.2;
				MTL_ENABLE_DEBUG_INFO = YES;
				ONLY_ACTIVE_ARCH = YES;
				SDKROOT = iphoneos;
			};
			name = Debug;
		};
		7B9697F52091AF6D00E3F8C9 /* Release */ = {
			isa = XCBuildConfiguration;
			buildSettings = {
				ALWAYS_SEARCH_USER_PATHS = NO;
				CLANG_ANALYZER_NONNULL = YES;
				CLANG_ANALYZER_NUMBER_OBJECT_CONVERSION = YES_AGGRESSIVE;
				CLANG_CXX_LANGUAGE_STANDARD = "gnu++14";
				CLANG_CXX_LIBRARY = "libc++";
				CLANG_ENABLE_MODULES = YES;
				CLANG_ENABLE_OBJC_ARC = YES;
				CLANG_WARN_BLOCK_CAPTURE_AUTORELEASING = YES;
				CLANG_WARN_BOOL_CONVERSION = YES;
				CLANG_WARN_COMMA = YES;
				CLANG_WARN_CONSTANT_CONVERSION = YES;
				CLANG_WARN_DIRECT_OBJC_ISA_USAGE = YES_ERROR;
				CLANG_WARN_DOCUMENTATION_COMMENTS = YES;
				CLANG_WARN_EMPTY_BODY = YES;
				CLANG_WARN_ENUM_CONVERSION = YES;
				CLANG_WARN_INFINITE_RECURSION = YES;
				CLANG_WARN_INT_CONVERSION = YES;
				CLANG_WARN_NON_LITERAL_NULL_CONVERSION = YES;
				CLANG_WARN_OBJC_LITERAL_CONVERSION = YES;
				CLANG_WARN_OBJC_ROOT_CLASS = YES_ERROR;
				CLANG_WARN_RANGE_LOOP_ANALYSIS = YES;
				CLANG_WARN_STRICT_PROTOTYPES = YES;
				CLANG_WARN_SUSPICIOUS_MOVE = YES;
				CLANG_WARN_UNGUARDED_AVAILABILITY = YES_AGGRESSIVE;
				CLANG_WARN_UNREACHABLE_CODE = YES;
				CLANG_WARN__DUPLICATE_METHOD_MATCH = YES;
				CODE_SIGN_IDENTITY = "iPhone Developer";
				COPY_PHASE_STRIP = NO;
				DEBUG_INFORMATION_FORMAT = "dwarf-with-dsym";
				ENABLE_NS_ASSERTIONS = NO;
				ENABLE_STRICT_OBJC_MSGSEND = YES;
				GCC_C_LANGUAGE_STANDARD = gnu11;
				GCC_NO_COMMON_BLOCKS = YES;
				GCC_WARN_64_TO_32_BIT_CONVERSION = YES;
				GCC_WARN_ABOUT_RETURN_TYPE = YES_ERROR;
				GCC_WARN_UNDECLARED_SELECTOR = YES;
				GCC_WARN_UNINITIALIZED_AUTOS = YES_AGGRESSIVE;
				GCC_WARN_UNUSED_FUNCTION = YES;
				GCC_WARN_UNUSED_VARIABLE = YES;
				IPHONEOS_DEPLOYMENT_TARGET = 11.2;
				MTL_ENABLE_DEBUG_INFO = NO;
				SDKROOT = iphoneos;
				VALIDATE_PRODUCT = YES;
			};
			name = Release;
		};
		7B9697F72091AF6D00E3F8C9 /* Debug */ = {
			isa = XCBuildConfiguration;
			buildSettings = {
				ASSETCATALOG_COMPILER_APPICON_NAME = AppIcon;
				CODE_SIGN_STYLE = Automatic;
				DEVELOPMENT_TEAM = 75BF75R4NH;
				INFOPLIST_FILE = TestFrame/Info.plist;
				LD_RUNPATH_SEARCH_PATHS = "$(inherited) @executable_path/Frameworks";
				PRODUCT_BUNDLE_IDENTIFIER = com.58ganji.TestFrame;
				PRODUCT_NAME = "$(TARGET_NAME)";
				TARGETED_DEVICE_FAMILY = "1,2";
			};
			name = Debug;
		};
		7B9697F82091AF6D00E3F8C9 /* Release */ = {
			isa = XCBuildConfiguration;
			buildSettings = {
				ASSETCATALOG_COMPILER_APPICON_NAME = AppIcon;
				CODE_SIGN_STYLE = Automatic;
				DEVELOPMENT_TEAM = 75BF75R4NH;
				INFOPLIST_FILE = TestFrame/Info.plist;
				LD_RUNPATH_SEARCH_PATHS = "$(inherited) @executable_path/Frameworks";
				PRODUCT_BUNDLE_IDENTIFIER = com.58ganji.TestFrame;
				PRODUCT_NAME = "$(TARGET_NAME)";
				TARGETED_DEVICE_FAMILY = "1,2";
			};
			name = Release;
		};
/* End XCBuildConfiguration section */

/* Begin XCConfigurationList section */
		7B9697DB2091AF6C00E3F8C9 /* Build configuration list for PBXProject "TestFrame" */ = {
			isa = XCConfigurationList;
			buildConfigurations = (
				7B9697F42091AF6D00E3F8C9 /* Debug */,
				7B9697F52091AF6D00E3F8C9 /* Release */,
			);
			defaultConfigurationIsVisible = 0;
			defaultConfigurationName = Release;
		};
		7B9697F62091AF6D00E3F8C9 /* Build configuration list for PBXNativeTarget "TestFrame" */ = {
			isa = XCConfigurationList;
			buildConfigurations = (
				7B9697F72091AF6D00E3F8C9 /* Debug */,
				7B9697F82091AF6D00E3F8C9 /* Release */,
			);
			defaultConfigurationIsVisible = 0;
			defaultConfigurationName = Release;
		};
/* End XCConfigurationList section */
	};
	rootObject = 7B9697D82091AF6C00E3F8C9 /* Project object */;
}
